
Microsoft Visual Studio Solution File, Format Version 12.00
# Visual Studio Version 17
VisualStudioVersion = 17.7.34031.279
MinimumVisualStudioVersion = 10.0.40219.1
Project("{2150E333-8FDC-42A3-9474-1A3956D46DE8}") = "Solution Items", "Solution Items", "{D19555ED-2D04-4A55-A707-7F0C9353C92F}"
	ProjectSection(SolutionItems) = preProject
		LibraryPassword.csproj = LibraryPassword.csproj
	EndProjectSection
EndProject
Project("{9A19103F-16F7-4668-BE54-9A1E7A4F7556}") = "LibraryPassword.Test", "..\LibraryPassword.Test\LibraryPassword.Test.csproj", "{BA510E58-6140-40E3-8632-AEA876B829E3}"
EndProject
Project("{9A19103F-16F7-4668-BE54-9A1E7A4F7556}") = "LibraryPassword", "LibraryPassword.csproj", "{0D9E93E5-19D4-4B88-9D5D-2E67798ED03A}"
EndProject
Global
	GlobalSection(SolutionConfigurationPlatforms) = preSolution
		Debug|Any CPU = Debug|Any CPU
		Release|Any CPU = Release|Any CPU
	EndGlobalSection
	GlobalSection(ProjectConfigurationPlatforms) = postSolution
		{BA510E58-6140-40E3-8632-AEA876B829E3}.Debug|Any CPU.ActiveCfg = Debug|Any CPU
		{BA510E58-6140-40E3-8632-AEA876B829E3}.Debug|Any CPU.Build.0 = Debug|Any CPU
		{BA510E58-6140-40E3-8632-AEA876B829E3}.Release|Any CPU.ActiveCfg = Release|Any CPU
		{BA510E58-6140-40E3-8632-AEA876B829E3}.Release|Any CPU.Build.0 = Release|Any CPU
		{0D9E93E5-19D4-4B88-9D5D-2E67798ED03A}.Debug|Any CPU.ActiveCfg = Debug|Any CPU
		{0D9E93E5-19D4-4B88-9D5D-2E67798ED03A}.Debug|Any CPU.Build.0 = Debug|Any CPU
		{0D9E93E5-19D4-4B88-9D5D-2E67798ED03A}.Release|Any CPU.ActiveCfg = Release|Any CPU
		{0D9E93E5-19D4-4B88-9D5D-2E67798ED03A}.Release|Any CPU.Build.0 = Release|Any CPU
	EndGlobalSection
	GlobalSection(SolutionProperties) = preSolution
		HideSolutionNode = FALSE
	EndGlobalSection
	GlobalSection(ExtensibilityGlobals) = postSolution
		SolutionGuid = {FADD10DF-4EAB-450B-8A4A-54E2491D7C22}
	EndGlobalSection
EndGlobal
